
Microsoft Visual Studio Solution File, Format Version 12.00
# Visual Studio Version 16
VisualStudioVersion = 16.0.31019.35
MinimumVisualStudioVersion = 10.0.40219.1
Project("{9A19103F-16F7-4668-BE54-9A1E7A4F7556}") = "src\Core", "src\Core\Pb.Api.csproj", "{F5577942-7C5D-48FD-845E-545391698BA9}"
EndProject
Global
	GlobalSection(SolutionConfigurationPlatforms) = preSolution
		Debug|Any CPU = Debug|Any CPU
		Release|Any CPU = Release|Any CPU
	EndGlobalSection
	GlobalSection(ProjectConfigurationPlatforms) = postSolution
		{F5577942-7C5D-48FD-845E-545391698BA9}.Debug|Any CPU.ActiveCfg = Debug|Any CPU
		{F5577942-7C5D-48FD-845E-545391698BA9}.Debug|Any CPU.Build.0 = Debug|Any CPU
		{F5577942-7C5D-48FD-845E-545391698BA9}.Release|Any CPU.ActiveCfg = Release|Any CPU
		{F5577942-7C5D-48FD-845E-545391698BA9}.Release|Any CPU.Build.0 = Release|Any CPU
	EndGlobalSection
	GlobalSection(SolutionProperties) = preSolution
		HideSolutionNode = FALSE
	EndGlobalSection
	GlobalSection(ExtensibilityGlobals) = postSolution
		SolutionGuid = {F1C18F64-AA3C-4FF1-924F-65F76C0F5455}
	EndGlobalSection
EndGlobal
